
Microsoft Visual Studio Solution File, Format Version 12.00
# Visual Studio Version 17
VisualStudioVersion = 17.6.33801.468
MinimumVisualStudioVersion = 10.0.40219.1
Project("{9A19103F-16F7-4668-BE54-9A1E7A4F7556}") = "Ozon.Route256.Practice.OrdersService", "src\Ozon.Route256.Practice.OrdersService\Ozon.Route256.Practice.OrdersService.csproj", "{82CD8FF3-BF50-4669-8B12-6CD1BAB71858}"
EndProject
Project("{9A19103F-16F7-4668-BE54-9A1E7A4F7556}") = "Ozon.Route256.Practice.GatewayService", "src\Ozon.Route256.Practice.GatewayService\Ozon.Route256.Practice.GatewayService.csproj", "{41182ADF-2577-41C5-AE6E-7121546B6C49}"
EndProject
Project("{2150E333-8FDC-42A3-9474-1A3956D46DE8}") = "common", "common", "{41EEE41E-A4B6-4414-87F1-62BC82A4B894}"
	ProjectSection(SolutionItems) = preProject
		.gitlab-ci.yml = .gitlab-ci.yml
		docker-compose.yml = docker-compose.yml
		README.md = README.md
	EndProjectSection
EndProject
Project("{FAE04EC0-301F-11D3-BF4B-00C04F79EFBC}") = "Ozon.Route256.Practice.OrdersService.Application", "src\Ozon.Route256.Practice.OrdersService.Application\Ozon.Route256.Practice.OrdersService.Application.csproj", "{9C91AAEF-9292-4071-8B33-E7AB683BF353}"
EndProject
Project("{FAE04EC0-301F-11D3-BF4B-00C04F79EFBC}") = "Ozon.Route256.Practice.OrdersService.Infrastructure", "src\Ozon.Route256.Practice.OrdersService.Infrastructure\Ozon.Route256.Practice.OrdersService.Infrastructure.csproj", "{9519C806-152F-4261-88D2-31E4D81E4A4B}"
EndProject
Project("{FAE04EC0-301F-11D3-BF4B-00C04F79EFBC}") = "Ozon.Route256.Practice.OrdersService.Domain", "src\Ozon.Route256.Practice.OrdersService.Domain\Ozon.Route256.Practice.OrdersService.Domain.csproj", "{B14FC549-8B89-43EB-9B25-2F563029BE7F}"
EndProject
Project("{FAE04EC0-301F-11D3-BF4B-00C04F79EFBC}") = "Ozon.Route256.Practice.OrdersService.Grpc", "src\Ozon.Route256.Practice.OrdersService.Grpc\Ozon.Route256.Practice.OrdersService.Grpc.csproj", "{388E9A29-BE81-4226-B907-F285D84A982E}"
EndProject
Global
	GlobalSection(SolutionConfigurationPlatforms) = preSolution
		Debug|Any CPU = Debug|Any CPU
		Release|Any CPU = Release|Any CPU
	EndGlobalSection
	GlobalSection(ProjectConfigurationPlatforms) = postSolution
		{82CD8FF3-BF50-4669-8B12-6CD1BAB71858}.Debug|Any CPU.ActiveCfg = Debug|Any CPU
		{82CD8FF3-BF50-4669-8B12-6CD1BAB71858}.Debug|Any CPU.Build.0 = Debug|Any CPU
		{82CD8FF3-BF50-4669-8B12-6CD1BAB71858}.Release|Any CPU.ActiveCfg = Release|Any CPU
		{82CD8FF3-BF50-4669-8B12-6CD1BAB71858}.Release|Any CPU.Build.0 = Release|Any CPU
		{41182ADF-2577-41C5-AE6E-7121546B6C49}.Debug|Any CPU.ActiveCfg = Debug|Any CPU
		{41182ADF-2577-41C5-AE6E-7121546B6C49}.Debug|Any CPU.Build.0 = Debug|Any CPU
		{41182ADF-2577-41C5-AE6E-7121546B6C49}.Release|Any CPU.ActiveCfg = Release|Any CPU
		{41182ADF-2577-41C5-AE6E-7121546B6C49}.Release|Any CPU.Build.0 = Release|Any CPU
		{9C91AAEF-9292-4071-8B33-E7AB683BF353}.Debug|Any CPU.ActiveCfg = Debug|Any CPU
		{9C91AAEF-9292-4071-8B33-E7AB683BF353}.Debug|Any CPU.Build.0 = Debug|Any CPU
		{9C91AAEF-9292-4071-8B33-E7AB683BF353}.Release|Any CPU.ActiveCfg = Release|Any CPU
		{9C91AAEF-9292-4071-8B33-E7AB683BF353}.Release|Any CPU.Build.0 = Release|Any CPU
		{9519C806-152F-4261-88D2-31E4D81E4A4B}.Debug|Any CPU.ActiveCfg = Debug|Any CPU
		{9519C806-152F-4261-88D2-31E4D81E4A4B}.Debug|Any CPU.Build.0 = Debug|Any CPU
		{9519C806-152F-4261-88D2-31E4D81E4A4B}.Release|Any CPU.ActiveCfg = Release|Any CPU
		{9519C806-152F-4261-88D2-31E4D81E4A4B}.Release|Any CPU.Build.0 = Release|Any CPU
		{B14FC549-8B89-43EB-9B25-2F563029BE7F}.Debug|Any CPU.ActiveCfg = Debug|Any CPU
		{B14FC549-8B89-43EB-9B25-2F563029BE7F}.Debug|Any CPU.Build.0 = Debug|Any CPU
		{B14FC549-8B89-43EB-9B25-2F563029BE7F}.Release|Any CPU.ActiveCfg = Release|Any CPU
		{B14FC549-8B89-43EB-9B25-2F563029BE7F}.Release|Any CPU.Build.0 = Release|Any CPU
		{388E9A29-BE81-4226-B907-F285D84A982E}.Debug|Any CPU.ActiveCfg = Debug|Any CPU
		{388E9A29-BE81-4226-B907-F285D84A982E}.Debug|Any CPU.Build.0 = Debug|Any CPU
		{388E9A29-BE81-4226-B907-F285D84A982E}.Release|Any CPU.ActiveCfg = Release|Any CPU
		{388E9A29-BE81-4226-B907-F285D84A982E}.Release|Any CPU.Build.0 = Release|Any CPU
	EndGlobalSection
	GlobalSection(SolutionProperties) = preSolution
		HideSolutionNode = FALSE
	EndGlobalSection
	GlobalSection(ExtensibilityGlobals) = postSolution
		SolutionGuid = {A5C3CC9B-7A36-48BD-B6B6-110D23D155BB}
	EndGlobalSection
EndGlobal
